
Microsoft Visual Studio Solution File, Format Version 12.00
# Visual Studio Version 17
VisualStudioVersion = 17.10.34928.147
MinimumVisualStudioVersion = 10.0.40219.1
Project("{FAE04EC0-301F-11D3-BF4B-00C04F79EFBC}") = "scandirandgetcontent", "scandirandgetcontent.csproj", "{73D151E6-CD39-4865-875F-93AC97B5B78A}"
EndProject
Global
	GlobalSection(SolutionConfigurationPlatforms) = preSolution
		Debug|Any CPU = Debug|Any CPU
		Release|Any CPU = Release|Any CPU
	EndGlobalSection
	GlobalSection(ProjectConfigurationPlatforms) = postSolution
		{73D151E6-CD39-4865-875F-93AC97B5B78A}.Debug|Any CPU.ActiveCfg = Debug|Any CPU
		{73D151E6-CD39-4865-875F-93AC97B5B78A}.Debug|Any CPU.Build.0 = Debug|Any CPU
		{73D151E6-CD39-4865-875F-93AC97B5B78A}.Release|Any CPU.ActiveCfg = Release|Any CPU
		{73D151E6-CD39-4865-875F-93AC97B5B78A}.Release|Any CPU.Build.0 = Release|Any CPU
	EndGlobalSection
	GlobalSection(SolutionProperties) = preSolution
		HideSolutionNode = FALSE
	EndGlobalSection
	GlobalSection(ExtensibilityGlobals) = postSolution
		SolutionGuid = {7A688C5D-B0B7-48F7-A26B-5CE6E47B71C1}
	EndGlobalSection
EndGlobal
